
Microsoft Visual Studio Solution File, Format Version 12.00
# Visual Studio Version 17
VisualStudioVersion = 17.5.33530.505
MinimumVisualStudioVersion = 10.0.40219.1
Project("{FAE04EC0-301F-11D3-BF4B-00C04F79EFBC}") = "MainSqlWorkshopProject", "MainSqlWorkshopProject\MainSqlWorkshopProject.csproj", "{85F2F35E-A1E1-4F4F-9313-3D7E551CD8DA}"
EndProject
Global
	GlobalSection(SolutionConfigurationPlatforms) = preSolution
		Debug|Any CPU = Debug|Any CPU
		Release|Any CPU = Release|Any CPU
	EndGlobalSection
	GlobalSection(ProjectConfigurationPlatforms) = postSolution
		{85F2F35E-A1E1-4F4F-9313-3D7E551CD8DA}.Debug|Any CPU.ActiveCfg = Debug|Any CPU
		{85F2F35E-A1E1-4F4F-9313-3D7E551CD8DA}.Debug|Any CPU.Build.0 = Debug|Any CPU
		{85F2F35E-A1E1-4F4F-9313-3D7E551CD8DA}.Release|Any CPU.ActiveCfg = Release|Any CPU
		{85F2F35E-A1E1-4F4F-9313-3D7E551CD8DA}.Release|Any CPU.Build.0 = Release|Any CPU
	EndGlobalSection
	GlobalSection(SolutionProperties) = preSolution
		HideSolutionNode = FALSE
	EndGlobalSection
	GlobalSection(ExtensibilityGlobals) = postSolution
		SolutionGuid = {ED0370CA-72D9-4E6D-98AE-33C1082CBD04}
	EndGlobalSection
EndGlobal
